
Microsoft Visual Studio Solution File, Format Version 12.00
# Visual Studio Version 17
VisualStudioVersion = 17.3.32825.248
MinimumVisualStudioVersion = 10.0.40219.1
Project("{FAE04EC0-301F-11D3-BF4B-00C04F79EFBC}") = "AppAlg", "AppAlg\AppAlg.csproj", "{3C6C3F58-77C2-46E9-A225-1D1D0AF53C57}"
EndProject
Global
	GlobalSection(SolutionConfigurationPlatforms) = preSolution
		Debug|Any CPU = Debug|Any CPU
		Release|Any CPU = Release|Any CPU
	EndGlobalSection
	GlobalSection(ProjectConfigurationPlatforms) = postSolution
		{3C6C3F58-77C2-46E9-A225-1D1D0AF53C57}.Debug|Any CPU.ActiveCfg = Debug|Any CPU
		{3C6C3F58-77C2-46E9-A225-1D1D0AF53C57}.Debug|Any CPU.Build.0 = Debug|Any CPU
		{3C6C3F58-77C2-46E9-A225-1D1D0AF53C57}.Release|Any CPU.ActiveCfg = Release|Any CPU
		{3C6C3F58-77C2-46E9-A225-1D1D0AF53C57}.Release|Any CPU.Build.0 = Release|Any CPU
	EndGlobalSection
	GlobalSection(SolutionProperties) = preSolution
		HideSolutionNode = FALSE
	EndGlobalSection
	GlobalSection(ExtensibilityGlobals) = postSolution
		SolutionGuid = {EB89BF40-5D55-44CE-85F6-6E20C43ADCFD}
	EndGlobalSection
EndGlobal
